
Microsoft Visual Studio Solution File, Format Version 12.00
# Visual Studio Express 2012 for Windows Desktop
Project("{FAE04EC0-301F-11D3-BF4B-00C04F79EFBC}") = "MédiaGeralPOO", "MédiaGeralPOO\MédiaGeralPOO.csproj", "{DCA8CEA4-6957-4D88-A458-F6846E13DDF0}"
EndProject
Global
	GlobalSection(SolutionConfigurationPlatforms) = preSolution
		Debug|Any CPU = Debug|Any CPU
		Release|Any CPU = Release|Any CPU
	EndGlobalSection
	GlobalSection(ProjectConfigurationPlatforms) = postSolution
		{DCA8CEA4-6957-4D88-A458-F6846E13DDF0}.Debug|Any CPU.ActiveCfg = Debug|Any CPU
		{DCA8CEA4-6957-4D88-A458-F6846E13DDF0}.Debug|Any CPU.Build.0 = Debug|Any CPU
		{DCA8CEA4-6957-4D88-A458-F6846E13DDF0}.Release|Any CPU.ActiveCfg = Release|Any CPU
		{DCA8CEA4-6957-4D88-A458-F6846E13DDF0}.Release|Any CPU.Build.0 = Release|Any CPU
	EndGlobalSection
	GlobalSection(SolutionProperties) = preSolution
		HideSolutionNode = FALSE
	EndGlobalSection
EndGlobal
